
Microsoft Visual Studio Solution File, Format Version 12.00
# Visual Studio Version 17
VisualStudioVersion = 17.6.33723.286
MinimumVisualStudioVersion = 10.0.40219.1
Project("{FAE04EC0-301F-11D3-BF4B-00C04F79EFBC}") = "Task-7", "Task-7\Task-7.csproj", "{B1DF6F97-3035-413D-A510-A005EE6851B0}"
EndProject
Project("{FAE04EC0-301F-11D3-BF4B-00C04F79EFBC}") = "ArythmeticOverload", "ArythmeticOverload\ArythmeticOverload.csproj", "{86AC12AC-2498-4D6D-9093-E6462026C5CF}"
EndProject
Project("{FAE04EC0-301F-11D3-BF4B-00C04F79EFBC}") = "Shapes", "Shapes\Shapes.csproj", "{E24B3189-5959-41E1-BBBD-B1C61A83DA43}"
EndProject
Global
	GlobalSection(SolutionConfigurationPlatforms) = preSolution
		Debug|Any CPU = Debug|Any CPU
		Release|Any CPU = Release|Any CPU
	EndGlobalSection
	GlobalSection(ProjectConfigurationPlatforms) = postSolution
		{B1DF6F97-3035-413D-A510-A005EE6851B0}.Debug|Any CPU.ActiveCfg = Debug|Any CPU
		{B1DF6F97-3035-413D-A510-A005EE6851B0}.Debug|Any CPU.Build.0 = Debug|Any CPU
		{B1DF6F97-3035-413D-A510-A005EE6851B0}.Release|Any CPU.ActiveCfg = Release|Any CPU
		{B1DF6F97-3035-413D-A510-A005EE6851B0}.Release|Any CPU.Build.0 = Release|Any CPU
		{86AC12AC-2498-4D6D-9093-E6462026C5CF}.Debug|Any CPU.ActiveCfg = Debug|Any CPU
		{86AC12AC-2498-4D6D-9093-E6462026C5CF}.Debug|Any CPU.Build.0 = Debug|Any CPU
		{86AC12AC-2498-4D6D-9093-E6462026C5CF}.Release|Any CPU.ActiveCfg = Release|Any CPU
		{86AC12AC-2498-4D6D-9093-E6462026C5CF}.Release|Any CPU.Build.0 = Release|Any CPU
		{E24B3189-5959-41E1-BBBD-B1C61A83DA43}.Debug|Any CPU.ActiveCfg = Debug|Any CPU
		{E24B3189-5959-41E1-BBBD-B1C61A83DA43}.Debug|Any CPU.Build.0 = Debug|Any CPU
		{E24B3189-5959-41E1-BBBD-B1C61A83DA43}.Release|Any CPU.ActiveCfg = Release|Any CPU
		{E24B3189-5959-41E1-BBBD-B1C61A83DA43}.Release|Any CPU.Build.0 = Release|Any CPU
	EndGlobalSection
	GlobalSection(SolutionProperties) = preSolution
		HideSolutionNode = FALSE
	EndGlobalSection
	GlobalSection(ExtensibilityGlobals) = postSolution
		SolutionGuid = {86D3FC3F-CEB6-41AC-89AC-8927C88567E7}
	EndGlobalSection
EndGlobal
